
Microsoft Visual Studio Solution File, Format Version 12.00
# Visual Studio 15
VisualStudioVersion = 15.0.28307.572
MinimumVisualStudioVersion = 10.0.40219.1
Project("{FAE04EC0-301F-11D3-BF4B-00C04F79EFBC}") = "MessageServer", "MessageServer\MessageServer.csproj", "{318815A7-40D8-4E52-9644-709099943392}"
EndProject
Project("{FAE04EC0-301F-11D3-BF4B-00C04F79EFBC}") = "MessageClient", "MessageClient\MessageClient.csproj", "{13D2C540-3A4B-4FCD-A33C-7CE85CDCAFB0}"
EndProject
Project("{FAE04EC0-301F-11D3-BF4B-00C04F79EFBC}") = "MessageCommonLib", "MessageCommonLib\MessageCommonLib.csproj", "{326D54F6-202D-4387-BD0E-D92DE36D83BA}"
EndProject
Global
	GlobalSection(SolutionConfigurationPlatforms) = preSolution
		Debug|Any CPU = Debug|Any CPU
		Release|Any CPU = Release|Any CPU
	EndGlobalSection
	GlobalSection(ProjectConfigurationPlatforms) = postSolution
		{318815A7-40D8-4E52-9644-709099943392}.Debug|Any CPU.ActiveCfg = Debug|Any CPU
		{318815A7-40D8-4E52-9644-709099943392}.Debug|Any CPU.Build.0 = Debug|Any CPU
		{318815A7-40D8-4E52-9644-709099943392}.Release|Any CPU.ActiveCfg = Release|Any CPU
		{318815A7-40D8-4E52-9644-709099943392}.Release|Any CPU.Build.0 = Release|Any CPU
		{13D2C540-3A4B-4FCD-A33C-7CE85CDCAFB0}.Debug|Any CPU.ActiveCfg = Debug|Any CPU
		{13D2C540-3A4B-4FCD-A33C-7CE85CDCAFB0}.Debug|Any CPU.Build.0 = Debug|Any CPU
		{13D2C540-3A4B-4FCD-A33C-7CE85CDCAFB0}.Release|Any CPU.ActiveCfg = Release|Any CPU
		{13D2C540-3A4B-4FCD-A33C-7CE85CDCAFB0}.Release|Any CPU.Build.0 = Release|Any CPU
		{326D54F6-202D-4387-BD0E-D92DE36D83BA}.Debug|Any CPU.ActiveCfg = Debug|Any CPU
		{326D54F6-202D-4387-BD0E-D92DE36D83BA}.Debug|Any CPU.Build.0 = Debug|Any CPU
		{326D54F6-202D-4387-BD0E-D92DE36D83BA}.Release|Any CPU.ActiveCfg = Release|Any CPU
		{326D54F6-202D-4387-BD0E-D92DE36D83BA}.Release|Any CPU.Build.0 = Release|Any CPU
	EndGlobalSection
	GlobalSection(SolutionProperties) = preSolution
		HideSolutionNode = FALSE
	EndGlobalSection
	GlobalSection(ExtensibilityGlobals) = postSolution
		SolutionGuid = {07C67405-2972-4898-81D8-08A005580E5B}
	EndGlobalSection
EndGlobal
